
Microsoft Visual Studio Solution File, Format Version 12.00
# Visual Studio Version 16
VisualStudioVersion = 16.0.30907.101
MinimumVisualStudioVersion = 10.0.40219.1
Project("{FAE04EC0-301F-11D3-BF4B-00C04F79EFBC}") = "MyMovies", "MyMovies\MyMovies.csproj", "{BF794879-A86D-45CA-B1A8-FCF28D24FBAC}"
EndProject
Global
	GlobalSection(SolutionConfigurationPlatforms) = preSolution
		Debug|Any CPU = Debug|Any CPU
		Release|Any CPU = Release|Any CPU
	EndGlobalSection
	GlobalSection(ProjectConfigurationPlatforms) = postSolution
		{BF794879-A86D-45CA-B1A8-FCF28D24FBAC}.Debug|Any CPU.ActiveCfg = Debug|Any CPU
		{BF794879-A86D-45CA-B1A8-FCF28D24FBAC}.Debug|Any CPU.Build.0 = Debug|Any CPU
		{BF794879-A86D-45CA-B1A8-FCF28D24FBAC}.Release|Any CPU.ActiveCfg = Release|Any CPU
		{BF794879-A86D-45CA-B1A8-FCF28D24FBAC}.Release|Any CPU.Build.0 = Release|Any CPU
	EndGlobalSection
	GlobalSection(SolutionProperties) = preSolution
		HideSolutionNode = FALSE
	EndGlobalSection
	GlobalSection(ExtensibilityGlobals) = postSolution
		SolutionGuid = {CB91598A-D07E-4BB6-A196-C1E52256F75F}
	EndGlobalSection
EndGlobal
